
Microsoft Visual Studio Solution File, Format Version 12.00
# Visual Studio Version 16
VisualStudioVersion = 16.0.31729.503
MinimumVisualStudioVersion = 10.0.40219.1
Project("{8BC9CEB8-8B4A-11D0-8D11-00A0C91BC942}") = "07112", "07112\07112.vcxproj", "{65D8B27A-4753-4DF6-830C-C96019D8FAEF}"
EndProject
Global
	GlobalSection(SolutionConfigurationPlatforms) = preSolution
		Debug|x64 = Debug|x64
		Debug|x86 = Debug|x86
		Release|x64 = Release|x64
		Release|x86 = Release|x86
	EndGlobalSection
	GlobalSection(ProjectConfigurationPlatforms) = postSolution
		{65D8B27A-4753-4DF6-830C-C96019D8FAEF}.Debug|x64.ActiveCfg = Debug|x64
		{65D8B27A-4753-4DF6-830C-C96019D8FAEF}.Debug|x64.Build.0 = Debug|x64
		{65D8B27A-4753-4DF6-830C-C96019D8FAEF}.Debug|x86.ActiveCfg = Debug|Win32
		{65D8B27A-4753-4DF6-830C-C96019D8FAEF}.Debug|x86.Build.0 = Debug|Win32
		{65D8B27A-4753-4DF6-830C-C96019D8FAEF}.Release|x64.ActiveCfg = Release|x64
		{65D8B27A-4753-4DF6-830C-C96019D8FAEF}.Release|x64.Build.0 = Release|x64
		{65D8B27A-4753-4DF6-830C-C96019D8FAEF}.Release|x86.ActiveCfg = Release|Win32
		{65D8B27A-4753-4DF6-830C-C96019D8FAEF}.Release|x86.Build.0 = Release|Win32
	EndGlobalSection
	GlobalSection(SolutionProperties) = preSolution
		HideSolutionNode = FALSE
	EndGlobalSection
	GlobalSection(ExtensibilityGlobals) = postSolution
		SolutionGuid = {B8CE9996-CA71-4CAD-8399-00B7488750A4}
	EndGlobalSection
EndGlobal
